
Microsoft Visual Studio Solution File, Format Version 12.00
# Visual Studio Version 16
VisualStudioVersion = 16.0.31321.278
MinimumVisualStudioVersion = 10.0.40219.1
Project("{FAE04EC0-301F-11D3-BF4B-00C04F79EFBC}") = "DodgeGame", "DodgeGame.csproj", "{DB255DBE-A049-4FEC-9B5E-EDCE8BC84047}"
EndProject
Global
	GlobalSection(SolutionConfigurationPlatforms) = preSolution
		Debug|Any CPU = Debug|Any CPU
		Release|Any CPU = Release|Any CPU
	EndGlobalSection
	GlobalSection(ProjectConfigurationPlatforms) = postSolution
		{DB255DBE-A049-4FEC-9B5E-EDCE8BC84047}.Debug|Any CPU.ActiveCfg = Debug|Any CPU
		{DB255DBE-A049-4FEC-9B5E-EDCE8BC84047}.Debug|Any CPU.Build.0 = Debug|Any CPU
		{DB255DBE-A049-4FEC-9B5E-EDCE8BC84047}.Release|Any CPU.ActiveCfg = Release|Any CPU
		{DB255DBE-A049-4FEC-9B5E-EDCE8BC84047}.Release|Any CPU.Build.0 = Release|Any CPU
	EndGlobalSection
	GlobalSection(SolutionProperties) = preSolution
		HideSolutionNode = FALSE
	EndGlobalSection
	GlobalSection(ExtensibilityGlobals) = postSolution
		SolutionGuid = {2BB5D255-6A51-415A-8861-CB979E23D317}
	EndGlobalSection
EndGlobal
